// !$*UTF8*$!
{
	archiveVersion = 1;
	classes = {
	};
	objectVersion = 56;
	objects = {

/* Begin PBXBuildFile section */
		2F5E29252AC79CDC00B34865 /* MovieDBApp.swift in Sources */ = {isa = PBXBuildFile; fileRef = 2F5E29242AC79CDC00B34865 /* MovieDBApp.swift */; };
		2F5E29272AC79CDC00B34865 /* ContentView.swift in Sources */ = {isa = PBXBuildFile; fileRef = 2F5E29262AC79CDC00B34865 /* ContentView.swift */; };
		2F5E29292AC79CDD00B34865 /* Assets.xcassets in Resources */ = {isa = PBXBuildFile; fileRef = 2F5E29282AC79CDD00B34865 /* Assets.xcassets */; };
		2F5E292C2AC79CDD00B34865 /* Preview Assets.xcassets in Resources */ = {isa = PBXBuildFile; fileRef = 2F5E292B2AC79CDD00B34865 /* Preview Assets.xcassets */; };
		2F5E29362AC79CDD00B34865 /* MovieDBTests.swift in Sources */ = {isa = PBXBuildFile; fileRef = 2F5E29352AC79CDD00B34865 /* MovieDBTests.swift */; };
		2F5E29402AC79CDD00B34865 /* MovieDBUITests.swift in Sources */ = {isa = PBXBuildFile; fileRef = 2F5E293F2AC79CDD00B34865 /* MovieDBUITests.swift */; };
		2F5E29422AC79CDD00B34865 /* MovieDBUITestsLaunchTests.swift in Sources */ = {isa = PBXBuildFile; fileRef = 2F5E29412AC79CDD00B34865 /* MovieDBUITestsLaunchTests.swift */; };
		2F83890B2AC99B940055452D /* MovieDBViewModel.swift in Sources */ = {isa = PBXBuildFile; fileRef = 2F83890A2AC99B940055452D /* MovieDBViewModel.swift */; };
		2F83890D2AC99BAF0055452D /* MovieDBCoreData.swift in Sources */ = {isa = PBXBuildFile; fileRef = 2F83890C2AC99BAF0055452D /* MovieDBCoreData.swift */; };
		2F83890F2AC99BD50055452D /* MovieDBNetworkServices.swift in Sources */ = {isa = PBXBuildFile; fileRef = 2F83890E2AC99BD50055452D /* MovieDBNetworkServices.swift */; };
		2F8389112AC99BF30055452D /* CustomControls.swift in Sources */ = {isa = PBXBuildFile; fileRef = 2F8389102AC99BF30055452D /* CustomControls.swift */; };
		2F8389242AC9B23A0055452D /* MovieDBModel.swift in Sources */ = {isa = PBXBuildFile; fileRef = 2F8389232AC9B23A0055452D /* MovieDBModel.swift */; };
/* End PBXBuildFile section */

/* Begin PBXContainerItemProxy section */
		2F5E29322AC79CDD00B34865 /* PBXContainerItemProxy */ = {
			isa = PBXContainerItemProxy;
			containerPortal = 2F5E29192AC79CDC00B34865 /* Project object */;
			proxyType = 1;
			remoteGlobalIDString = 2F5E29202AC79CDC00B34865;
			remoteInfo = MovieDB;
		};
		2F5E293C2AC79CDD00B34865 /* PBXContainerItemProxy */ = {
			isa = PBXContainerItemProxy;
			containerPortal = 2F5E29192AC79CDC00B34865 /* Project object */;
			proxyType = 1;
			remoteGlobalIDString = 2F5E29202AC79CDC00B34865;
			remoteInfo = MovieDB;
		};
/* End PBXContainerItemProxy section */

/* Begin PBXFileReference section */
		2F5E29212AC79CDC00B34865 /* MovieDB.app */ = {isa = PBXFileReference; explicitFileType = wrapper.application; includeInIndex = 0; path = MovieDB.app; sourceTree = BUILT_PRODUCTS_DIR; };
		2F5E29242AC79CDC00B34865 /* MovieDBApp.swift */ = {isa = PBXFileReference; lastKnownFileType = sourcecode.swift; path = MovieDBApp.swift; sourceTree = "<group>"; };
		2F5E29262AC79CDC00B34865 /* ContentView.swift */ = {isa = PBXFileReference; lastKnownFileType = sourcecode.swift; path = ContentView.swift; sourceTree = "<group>"; };
		2F5E29282AC79CDD00B34865 /* Assets.xcassets */ = {isa = PBXFileReference; lastKnownFileType = folder.assetcatalog; path = Assets.xcassets; sourceTree = "<group>"; };
		2F5E292B2AC79CDD00B34865 /* Preview Assets.xcassets */ = {isa = PBXFileReference; lastKnownFileType = folder.assetcatalog; path = "Preview Assets.xcassets"; sourceTree = "<group>"; };
		2F5E29312AC79CDD00B34865 /* MovieDBTests.xctest */ = {isa = PBXFileReference; explicitFileType = wrapper.cfbundle; includeInIndex = 0; path = MovieDBTests.xctest; sourceTree = BUILT_PRODUCTS_DIR; };
		2F5E29352AC79CDD00B34865 /* MovieDBTests.swift */ = {isa = PBXFileReference; lastKnownFileType = sourcecode.swift; path = MovieDBTests.swift; sourceTree = "<group>"; };
		2F5E293B2AC79CDD00B34865 /* MovieDBUITests.xctest */ = {isa = PBXFileReference; explicitFileType = wrapper.cfbundle; includeInIndex = 0; path = MovieDBUITests.xctest; sourceTree = BUILT_PRODUCTS_DIR; };
		2F5E293F2AC79CDD00B34865 /* MovieDBUITests.swift */ = {isa = PBXFileReference; lastKnownFileType = sourcecode.swift; path = MovieDBUITests.swift; sourceTree = "<group>"; };
		2F5E29412AC79CDD00B34865 /* MovieDBUITestsLaunchTests.swift */ = {isa = PBXFileReference; lastKnownFileType = sourcecode.swift; path = MovieDBUITestsLaunchTests.swift; sourceTree = "<group>"; };
		2F83890A2AC99B940055452D /* MovieDBViewModel.swift */ = {isa = PBXFileReference; lastKnownFileType = sourcecode.swift; path = MovieDBViewModel.swift; sourceTree = "<group>"; };
		2F83890C2AC99BAF0055452D /* MovieDBCoreData.swift */ = {isa = PBXFileReference; lastKnownFileType = sourcecode.swift; path = MovieDBCoreData.swift; sourceTree = "<group>"; };
		2F83890E2AC99BD50055452D /* MovieDBNetworkServices.swift */ = {isa = PBXFileReference; lastKnownFileType = sourcecode.swift; path = MovieDBNetworkServices.swift; sourceTree = "<group>"; };
		2F8389102AC99BF30055452D /* CustomControls.swift */ = {isa = PBXFileReference; lastKnownFileType = sourcecode.swift; path = CustomControls.swift; sourceTree = "<group>"; };
		2F8389232AC9B23A0055452D /* MovieDBModel.swift */ = {isa = PBXFileReference; lastKnownFileType = sourcecode.swift; path = MovieDBModel.swift; sourceTree = "<group>"; };
/* End PBXFileReference section */

/* Begin PBXFrameworksBuildPhase section */
		2F5E291E2AC79CDC00B34865 /* Frameworks */ = {
			isa = PBXFrameworksBuildPhase;
			buildActionMask = 2147483647;
			files = (
			);
			runOnlyForDeploymentPostprocessing = 0;
		};
		2F5E292E2AC79CDD00B34865 /* Frameworks */ = {
			isa = PBXFrameworksBuildPhase;
			buildActionMask = 2147483647;
			files = (
			);
			runOnlyForDeploymentPostprocessing = 0;
		};
		2F5E29382AC79CDD00B34865 /* Frameworks */ = {
			isa = PBXFrameworksBuildPhase;
			buildActionMask = 2147483647;
			files = (
			);
			runOnlyForDeploymentPostprocessing = 0;
		};
/* End PBXFrameworksBuildPhase section */

/* Begin PBXGroup section */
		2F5E29182AC79CDC00B34865 = {
			isa = PBXGroup;
			children = (
				2F5E29232AC79CDC00B34865 /* MovieDB */,
				2F5E29342AC79CDD00B34865 /* MovieDBTests */,
				2F5E293E2AC79CDD00B34865 /* MovieDBUITests */,
				2F5E29222AC79CDC00B34865 /* Products */,
			);
			sourceTree = "<group>";
		};
		2F5E29222AC79CDC00B34865 /* Products */ = {
			isa = PBXGroup;
			children = (
				2F5E29212AC79CDC00B34865 /* MovieDB.app */,
				2F5E29312AC79CDD00B34865 /* MovieDBTests.xctest */,
				2F5E293B2AC79CDD00B34865 /* MovieDBUITests.xctest */,
			);
			name = Products;
			sourceTree = "<group>";
		};
		2F5E29232AC79CDC00B34865 /* MovieDB */ = {
			isa = PBXGroup;
			children = (
				2F8389222AC9B2210055452D /* Model */,
				2F8388FE2AC998F40055452D /* SwiftUIControls */,
				2F8388FD2AC998D10055452D /* ViewModel */,
				2F8388FA2AC998AE0055452D /* Repository */,
				2F5E29242AC79CDC00B34865 /* MovieDBApp.swift */,
				2F5E29262AC79CDC00B34865 /* ContentView.swift */,
				2F5E29282AC79CDD00B34865 /* Assets.xcassets */,
				2F5E292A2AC79CDD00B34865 /* Preview Content */,
			);
			path = MovieDB;
			sourceTree = "<group>";
		};
		2F5E292A2AC79CDD00B34865 /* Preview Content */ = {
			isa = PBXGroup;
			children = (
				2F5E292B2AC79CDD00B34865 /* Preview Assets.xcassets */,
			);
			path = "Preview Content";
			sourceTree = "<group>";
		};
		2F5E29342AC79CDD00B34865 /* MovieDBTests */ = {
			isa = PBXGroup;
			children = (
				2F5E29352AC79CDD00B34865 /* MovieDBTests.swift */,
			);
			path = MovieDBTests;
			sourceTree = "<group>";
		};
		2F5E293E2AC79CDD00B34865 /* MovieDBUITests */ = {
			isa = PBXGroup;
			children = (
				2F5E293F2AC79CDD00B34865 /* MovieDBUITests.swift */,
				2F5E29412AC79CDD00B34865 /* MovieDBUITestsLaunchTests.swift */,
			);
			path = MovieDBUITests;
			sourceTree = "<group>";
		};
		2F8388FA2AC998AE0055452D /* Repository */ = {
			isa = PBXGroup;
			children = (
				2F8388FC2AC998C70055452D /* CoreData */,
				2F8388FB2AC998BB0055452D /* Network */,
			);
			path = Repository;
			sourceTree = "<group>";
		};
		2F8388FB2AC998BB0055452D /* Network */ = {
			isa = PBXGroup;
			children = (
				2F83890E2AC99BD50055452D /* MovieDBNetworkServices.swift */,
			);
			path = Network;
			sourceTree = "<group>";
		};
		2F8388FC2AC998C70055452D /* CoreData */ = {
			isa = PBXGroup;
			children = (
				2F83890C2AC99BAF0055452D /* MovieDBCoreData.swift */,
			);
			path = CoreData;
			sourceTree = "<group>";
		};
		2F8388FD2AC998D10055452D /* ViewModel */ = {
			isa = PBXGroup;
			children = (
				2F83890A2AC99B940055452D /* MovieDBViewModel.swift */,
			);
			path = ViewModel;
			sourceTree = "<group>";
		};
		2F8388FE2AC998F40055452D /* SwiftUIControls */ = {
			isa = PBXGroup;
			children = (
				2F8389102AC99BF30055452D /* CustomControls.swift */,
			);
			path = SwiftUIControls;
			sourceTree = "<group>";
		};
		2F8389222AC9B2210055452D /* Model */ = {
			isa = PBXGroup;
			children = (
				2F8389232AC9B23A0055452D /* MovieDBModel.swift */,
			);
			path = Model;
			sourceTree = "<group>";
		};
/* End PBXGroup section */

/* Begin PBXNativeTarget section */
		2F5E29202AC79CDC00B34865 /* MovieDB */ = {
			isa = PBXNativeTarget;
			buildConfigurationList = 2F5E29452AC79CDD00B34865 /* Build configuration list for PBXNativeTarget "MovieDB" */;
			buildPhases = (
				2F5E291D2AC79CDC00B34865 /* Sources */,
				2F5E291E2AC79CDC00B34865 /* Frameworks */,
				2F5E291F2AC79CDC00B34865 /* Resources */,
			);
			buildRules = (
			);
			dependencies = (
			);
			name = MovieDB;
			productName = MovieDB;
			productReference = 2F5E29212AC79CDC00B34865 /* MovieDB.app */;
			productType = "com.apple.product-type.application";
		};
		2F5E29302AC79CDD00B34865 /* MovieDBTests */ = {
			isa = PBXNativeTarget;
			buildConfigurationList = 2F5E29482AC79CDD00B34865 /* Build configuration list for PBXNativeTarget "MovieDBTests" */;
			buildPhases = (
				2F5E292D2AC79CDD00B34865 /* Sources */,
				2F5E292E2AC79CDD00B34865 /* Frameworks */,
				2F5E292F2AC79CDD00B34865 /* Resources */,
			);
			buildRules = (
			);
			dependencies = (
				2F5E29332AC79CDD00B34865 /* PBXTargetDependency */,
			);
			name = MovieDBTests;
			productName = MovieDBTests;
			productReference = 2F5E29312AC79CDD00B34865 /* MovieDBTests.xctest */;
			productType = "com.apple.product-type.bundle.unit-test";
		};
		2F5E293A2AC79CDD00B34865 /* MovieDBUITests */ = {
			isa = PBXNativeTarget;
			buildConfigurationList = 2F5E294B2AC79CDD00B34865 /* Build configuration list for PBXNativeTarget "MovieDBUITests" */;
			buildPhases = (
				2F5E29372AC79CDD00B34865 /* Sources */,
				2F5E29382AC79CDD00B34865 /* Frameworks */,
				2F5E29392AC79CDD00B34865 /* Resources */,
			);
			buildRules = (
			);
			dependencies = (
				2F5E293D2AC79CDD00B34865 /* PBXTargetDependency */,
			);
			name = MovieDBUITests;
			productName = MovieDBUITests;
			productReference = 2F5E293B2AC79CDD00B34865 /* MovieDBUITests.xctest */;
			productType = "com.apple.product-type.bundle.ui-testing";
		};
/* End PBXNativeTarget section */

/* Begin PBXProject section */
		2F5E29192AC79CDC00B34865 /* Project object */ = {
			isa = PBXProject;
			attributes = {
				BuildIndependentTargetsInParallel = 1;
				LastSwiftUpdateCheck = 1500;
				LastUpgradeCheck = 1500;
				TargetAttributes = {
					2F5E29202AC79CDC00B34865 = {
						CreatedOnToolsVersion = 15.0;
					};
					2F5E29302AC79CDD00B34865 = {
						CreatedOnToolsVersion = 15.0;
						TestTargetID = 2F5E29202AC79CDC00B34865;
					};
					2F5E293A2AC79CDD00B34865 = {
						CreatedOnToolsVersion = 15.0;
						TestTargetID = 2F5E29202AC79CDC00B34865;
					};
				};
			};
			buildConfigurationList = 2F5E291C2AC79CDC00B34865 /* Build configuration list for PBXProject "MovieDB" */;
			compatibilityVersion = "Xcode 14.0";
			developmentRegion = en;
			hasScannedForEncodings = 0;
			knownRegions = (
				en,
				Base,
			);
			mainGroup = 2F5E29182AC79CDC00B34865;
			productRefGroup = 2F5E29222AC79CDC00B34865 /* Products */;
			projectDirPath = "";
			projectRoot = "";
			targets = (
				2F5E29202AC79CDC00B34865 /* MovieDB */,
				2F5E29302AC79CDD00B34865 /* MovieDBTests */,
				2F5E293A2AC79CDD00B34865 /* MovieDBUITests */,
			);
		};
/* End PBXProject section */

/* Begin PBXResourcesBuildPhase section */
		2F5E291F2AC79CDC00B34865 /* Resources */ = {
			isa = PBXResourcesBuildPhase;
			buildActionMask = 2147483647;
			files = (
				2F5E292C2AC79CDD00B34865 /* Preview Assets.xcassets in Resources */,
				2F5E29292AC79CDD00B34865 /* Assets.xcassets in Resources */,
			);
			runOnlyForDeploymentPostprocessing = 0;
		};
		2F5E292F2AC79CDD00B34865 /* Resources */ = {
			isa = PBXResourcesBuildPhase;
			buildActionMask = 2147483647;
			files = (
			);
			runOnlyForDeploymentPostprocessing = 0;
		};
		2F5E29392AC79CDD00B34865 /* Resources */ = {
			isa = PBXResourcesBuildPhase;
			buildActionMask = 2147483647;
			files = (
			);
			runOnlyForDeploymentPostprocessing = 0;
		};
/* End PBXResourcesBuildPhase section */

/* Begin PBXSourcesBuildPhase section */
		2F5E291D2AC79CDC00B34865 /* Sources */ = {
			isa = PBXSourcesBuildPhase;
			buildActionMask = 2147483647;
			files = (
				2F5E29272AC79CDC00B34865 /* ContentView.swift in Sources */,
				2F83890D2AC99BAF0055452D /* MovieDBCoreData.swift in Sources */,
				2F83890F2AC99BD50055452D /* MovieDBNetworkServices.swift in Sources */,
				2F83890B2AC99B940055452D /* MovieDBViewModel.swift in Sources */,
				2F8389112AC99BF30055452D /* CustomControls.swift in Sources */,
				2F8389242AC9B23A0055452D /* MovieDBModel.swift in Sources */,
				2F5E29252AC79CDC00B34865 /* MovieDBApp.swift in Sources */,
			);
			runOnlyForDeploymentPostprocessing = 0;
		};
		2F5E292D2AC79CDD00B34865 /* Sources */ = {
			isa = PBXSourcesBuildPhase;
			buildActionMask = 2147483647;
			files = (
				2F5E29362AC79CDD00B34865 /* MovieDBTests.swift in Sources */,
			);
			runOnlyForDeploymentPostprocessing = 0;
		};
		2F5E29372AC79CDD00B34865 /* Sources */ = {
			isa = PBXSourcesBuildPhase;
			buildActionMask = 2147483647;
			files = (
				2F5E29402AC79CDD00B34865 /* MovieDBUITests.swift in Sources */,
				2F5E29422AC79CDD00B34865 /* MovieDBUITestsLaunchTests.swift in Sources */,
			);
			runOnlyForDeploymentPostprocessing = 0;
		};
/* End PBXSourcesBuildPhase section */

/* Begin PBXTargetDependency section */
		2F5E29332AC79CDD00B34865 /* PBXTargetDependency */ = {
			isa = PBXTargetDependency;
			target = 2F5E29202AC79CDC00B34865 /* MovieDB */;
			targetProxy = 2F5E29322AC79CDD00B34865 /* PBXContainerItemProxy */;
		};
		2F5E293D2AC79CDD00B34865 /* PBXTargetDependency */ = {
			isa = PBXTargetDependency;
			target = 2F5E29202AC79CDC00B34865 /* MovieDB */;
			targetProxy = 2F5E293C2AC79CDD00B34865 /* PBXContainerItemProxy */;
		};
/* End PBXTargetDependency section */

/* Begin XCBuildConfiguration section */
		2F5E29432AC79CDD00B34865 /* Debug */ = {
			isa = XCBuildConfiguration;
			buildSettings = {
				ALWAYS_SEARCH_USER_PATHS = NO;
				ASSETCATALOG_COMPILER_GENERATE_SWIFT_ASSET_SYMBOL_EXTENSIONS = YES;
				CLANG_ANALYZER_NONNULL = YES;
				CLANG_ANALYZER_NUMBER_OBJECT_CONVERSION = YES_AGGRESSIVE;
				CLANG_CXX_LANGUAGE_STANDARD = "gnu++20";
				CLANG_ENABLE_MODULES = YES;
				CLANG_ENABLE_OBJC_ARC = YES;
				CLANG_ENABLE_OBJC_WEAK = YES;
				CLANG_WARN_BLOCK_CAPTURE_AUTORELEASING = YES;
				CLANG_WARN_BOOL_CONVERSION = YES;
				CLANG_WARN_COMMA = YES;
				CLANG_WARN_CONSTANT_CONVERSION = YES;
				CLANG_WARN_DEPRECATED_OBJC_IMPLEMENTATIONS = YES;
				CLANG_WARN_DIRECT_OBJC_ISA_USAGE = YES_ERROR;
				CLANG_WARN_DOCUMENTATION_COMMENTS = YES;
				CLANG_WARN_EMPTY_BODY = YES;
				CLANG_WARN_ENUM_CONVERSION = YES;
				CLANG_WARN_INFINITE_RECURSION = YES;
				CLANG_WARN_INT_CONVERSION = YES;
				CLANG_WARN_NON_LITERAL_NULL_CONVERSION = YES;
				CLANG_WARN_OBJC_IMPLICIT_RETAIN_SELF = YES;
				CLANG_WARN_OBJC_LITERAL_CONVERSION = YES;
				CLANG_WARN_OBJC_ROOT_CLASS = YES_ERROR;
				CLANG_WARN_QUOTED_INCLUDE_IN_FRAMEWORK_HEADER = YES;
				CLANG_WARN_RANGE_LOOP_ANALYSIS = YES;
				CLANG_WARN_STRICT_PROTOTYPES = YES;
				CLANG_WARN_SUSPICIOUS_MOVE = YES;
				CLANG_WARN_UNGUARDED_AVAILABILITY = YES_AGGRESSIVE;
				CLANG_WARN_UNREACHABLE_CODE = YES;
				CLANG_WARN__DUPLICATE_METHOD_MATCH = YES;
				COPY_PHASE_STRIP = NO;
				DEBUG_INFORMATION_FORMAT = dwarf;
				ENABLE_STRICT_OBJC_MSGSEND = YES;
				ENABLE_TESTABILITY = YES;
				ENABLE_USER_SCRIPT_SANDBOXING = YES;
				GCC_C_LANGUAGE_STANDARD = gnu17;
				GCC_DYNAMIC_NO_PIC = NO;
				GCC_NO_COMMON_BLOCKS = YES;
				GCC_OPTIMIZATION_LEVEL = 0;
				GCC_PREPROCESSOR_DEFINITIONS = (
					"DEBUG=1",
					"$(inherited)",
				);
				GCC_WARN_64_TO_32_BIT_CONVERSION = YES;
				GCC_WARN_ABOUT_RETURN_TYPE = YES_ERROR;
				GCC_WARN_UNDECLARED_SELECTOR = YES;
				GCC_WARN_UNINITIALIZED_AUTOS = YES_AGGRESSIVE;
				GCC_WARN_UNUSED_FUNCTION = YES;
				GCC_WARN_UNUSED_VARIABLE = YES;
				IPHONEOS_DEPLOYMENT_TARGET = 17.0;
				LOCALIZATION_PREFERS_STRING_CATALOGS = YES;
				MTL_ENABLE_DEBUG_INFO = INCLUDE_SOURCE;
				MTL_FAST_MATH = YES;
				ONLY_ACTIVE_ARCH = YES;
				SDKROOT = iphoneos;
				SWIFT_ACTIVE_COMPILATION_CONDITIONS = "DEBUG $(inherited)";
				SWIFT_OPTIMIZATION_LEVEL = "-Onone";
			};
			name = Debug;
		};
		2F5E29442AC79CDD00B34865 /* Release */ = {
			isa = XCBuildConfiguration;
			buildSettings = {
				ALWAYS_SEARCH_USER_PATHS = NO;
				ASSETCATALOG_COMPILER_GENERATE_SWIFT_ASSET_SYMBOL_EXTENSIONS = YES;
				CLANG_ANALYZER_NONNULL = YES;
				CLANG_ANALYZER_NUMBER_OBJECT_CONVERSION = YES_AGGRESSIVE;
				CLANG_CXX_LANGUAGE_STANDARD = "gnu++20";
				CLANG_ENABLE_MODULES = YES;
				CLANG_ENABLE_OBJC_ARC = YES;
				CLANG_ENABLE_OBJC_WEAK = YES;
				CLANG_WARN_BLOCK_CAPTURE_AUTORELEASING = YES;
				CLANG_WARN_BOOL_CONVERSION = YES;
				CLANG_WARN_COMMA = YES;
				CLANG_WARN_CONSTANT_CONVERSION = YES;
				CLANG_WARN_DEPRECATED_OBJC_IMPLEMENTATIONS = YES;
				CLANG_WARN_DIRECT_OBJC_ISA_USAGE = YES_ERROR;
				CLANG_WARN_DOCUMENTATION_COMMENTS = YES;
				CLANG_WARN_EMPTY_BODY = YES;
				CLANG_WARN_ENUM_CONVERSION = YES;
				CLANG_WARN_INFINITE_RECURSION = YES;
				CLANG_WARN_INT_CONVERSION = YES;
				CLANG_WARN_NON_LITERAL_NULL_CONVERSION = YES;
				CLANG_WARN_OBJC_IMPLICIT_RETAIN_SELF = YES;
				CLANG_WARN_OBJC_LITERAL_CONVERSION = YES;
				CLANG_WARN_OBJC_ROOT_CLASS = YES_ERROR;
				CLANG_WARN_QUOTED_INCLUDE_IN_FRAMEWORK_HEADER = YES;
				CLANG_WARN_RANGE_LOOP_ANALYSIS = YES;
				CLANG_WARN_STRICT_PROTOTYPES = YES;
				CLANG_WARN_SUSPICIOUS_MOVE = YES;
				CLANG_WARN_UNGUARDED_AVAILABILITY = YES_AGGRESSIVE;
				CLANG_WARN_UNREACHABLE_CODE = YES;
				CLANG_WARN__DUPLICATE_METHOD_MATCH = YES;
				COPY_PHASE_STRIP = NO;
				DEBUG_INFORMATION_FORMAT = "dwarf-with-dsym";
				ENABLE_NS_ASSERTIONS = NO;
				ENABLE_STRICT_OBJC_MSGSEND = YES;
				ENABLE_USER_SCRIPT_SANDBOXING = YES;
				GCC_C_LANGUAGE_STANDARD = gnu17;
				GCC_NO_COMMON_BLOCKS = YES;
				GCC_WARN_64_TO_32_BIT_CONVERSION = YES;
				GCC_WARN_ABOUT_RETURN_TYPE = YES_ERROR;
				GCC_WARN_UNDECLARED_SELECTOR = YES;
				GCC_WARN_UNINITIALIZED_AUTOS = YES_AGGRESSIVE;
				GCC_WARN_UNUSED_FUNCTION = YES;
				GCC_WARN_UNUSED_VARIABLE = YES;
				IPHONEOS_DEPLOYMENT_TARGET = 17.0;
				LOCALIZATION_PREFERS_STRING_CATALOGS = YES;
				MTL_ENABLE_DEBUG_INFO = NO;
				MTL_FAST_MATH = YES;
				SDKROOT = iphoneos;
				SWIFT_COMPILATION_MODE = wholemodule;
				VALIDATE_PRODUCT = YES;
			};
			name = Release;
		};
		2F5E29462AC79CDD00B34865 /* Debug */ = {
			isa = XCBuildConfiguration;
			buildSettings = {
				ASSETCATALOG_COMPILER_APPICON_NAME = AppIcon;
				ASSETCATALOG_COMPILER_GLOBAL_ACCENT_COLOR_NAME = AccentColor;
				CODE_SIGN_STYLE = Automatic;
				CURRENT_PROJECT_VERSION = 1;
				DEVELOPMENT_ASSET_PATHS = "\"MovieDB/Preview Content\"";
				DEVELOPMENT_TEAM = U7AJYCA73L;
				ENABLE_PREVIEWS = YES;
				GENERATE_INFOPLIST_FILE = YES;
				INFOPLIST_KEY_UIApplicationSceneManifest_Generation = YES;
				INFOPLIST_KEY_UIApplicationSupportsIndirectInputEvents = YES;
				INFOPLIST_KEY_UILaunchScreen_Generation = YES;
				INFOPLIST_KEY_UISupportedInterfaceOrientations_iPad = "UIInterfaceOrientationPortrait UIInterfaceOrientationPortraitUpsideDown UIInterfaceOrientationLandscapeLeft UIInterfaceOrientationLandscapeRight";
				INFOPLIST_KEY_UISupportedInterfaceOrientations_iPhone = "UIInterfaceOrientationPortrait UIInterfaceOrientationLandscapeLeft UIInterfaceOrientationLandscapeRight";
				LD_RUNPATH_SEARCH_PATHS = (
					"$(inherited)",
					"@executable_path/Frameworks",
				);
				MARKETING_VERSION = 1.0;
				PRODUCT_BUNDLE_IDENTIFIER = Gevcorst.MovieDB;
				PRODUCT_NAME = "$(TARGET_NAME)";
				SWIFT_EMIT_LOC_STRINGS = YES;
				SWIFT_VERSION = 5.0;
				TARGETED_DEVICE_FAMILY = "1,2";
			};
			name = Debug;
		};
		2F5E29472AC79CDD00B34865 /* Release */ = {
			isa = XCBuildConfiguration;
			buildSettings = {
				ASSETCATALOG_COMPILER_APPICON_NAME = AppIcon;
				ASSETCATALOG_COMPILER_GLOBAL_ACCENT_COLOR_NAME = AccentColor;
				CODE_SIGN_STYLE = Automatic;
				CURRENT_PROJECT_VERSION = 1;
				DEVELOPMENT_ASSET_PATHS = "\"MovieDB/Preview Content\"";
				DEVELOPMENT_TEAM = U7AJYCA73L;
				ENABLE_PREVIEWS = YES;
				GENERATE_INFOPLIST_FILE = YES;
				INFOPLIST_KEY_UIApplicationSceneManifest_Generation = YES;
				INFOPLIST_KEY_UIApplicationSupportsIndirectInputEvents = YES;
				INFOPLIST_KEY_UILaunchScreen_Generation = YES;
				INFOPLIST_KEY_UISupportedInterfaceOrientations_iPad = "UIInterfaceOrientationPortrait UIInterfaceOrientationPortraitUpsideDown UIInterfaceOrientationLandscapeLeft UIInterfaceOrientationLandscapeRight";
				INFOPLIST_KEY_UISupportedInterfaceOrientations_iPhone = "UIInterfaceOrientationPortrait UIInterfaceOrientationLandscapeLeft UIInterfaceOrientationLandscapeRight";
				LD_RUNPATH_SEARCH_PATHS = (
					"$(inherited)",
					"@executable_path/Frameworks",
				);
				MARKETING_VERSION = 1.0;
				PRODUCT_BUNDLE_IDENTIFIER = Gevcorst.MovieDB;
				PRODUCT_NAME = "$(TARGET_NAME)";
				SWIFT_EMIT_LOC_STRINGS = YES;
				SWIFT_VERSION = 5.0;
				TARGETED_DEVICE_FAMILY = "1,2";
			};
			name = Release;
		};
		2F5E29492AC79CDD00B34865 /* Debug */ = {
			isa = XCBuildConfiguration;
			buildSettings = {
				ALWAYS_EMBED_SWIFT_STANDARD_LIBRARIES = YES;
				BUNDLE_LOADER = "$(TEST_HOST)";
				CODE_SIGN_STYLE = Automatic;
				CURRENT_PROJECT_VERSION = 1;
				DEVELOPMENT_TEAM = U7AJYCA73L;
				GENERATE_INFOPLIST_FILE = YES;
				IPHONEOS_DEPLOYMENT_TARGET = 17.0;
				MARKETING_VERSION = 1.0;
				PRODUCT_BUNDLE_IDENTIFIER = Gevcorst.MovieDBTests;
				PRODUCT_NAME = "$(TARGET_NAME)";
				SWIFT_EMIT_LOC_STRINGS = NO;
				SWIFT_VERSION = 5.0;
				TARGETED_DEVICE_FAMILY = "1,2";
				TEST_HOST = "$(BUILT_PRODUCTS_DIR)/MovieDB.app/$(BUNDLE_EXECUTABLE_FOLDER_PATH)/MovieDB";
			};
			name = Debug;
		};
		2F5E294A2AC79CDD00B34865 /* Release */ = {
			isa = XCBuildConfiguration;
			buildSettings = {
				ALWAYS_EMBED_SWIFT_STANDARD_LIBRARIES = YES;
				BUNDLE_LOADER = "$(TEST_HOST)";
				CODE_SIGN_STYLE = Automatic;
				CURRENT_PROJECT_VERSION = 1;
				DEVELOPMENT_TEAM = U7AJYCA73L;
				GENERATE_INFOPLIST_FILE = YES;
				IPHONEOS_DEPLOYMENT_TARGET = 17.0;
				MARKETING_VERSION = 1.0;
				PRODUCT_BUNDLE_IDENTIFIER = Gevcorst.MovieDBTests;
				PRODUCT_NAME = "$(TARGET_NAME)";
				SWIFT_EMIT_LOC_STRINGS = NO;
				SWIFT_VERSION = 5.0;
				TARGETED_DEVICE_FAMILY = "1,2";
				TEST_HOST = "$(BUILT_PRODUCTS_DIR)/MovieDB.app/$(BUNDLE_EXECUTABLE_FOLDER_PATH)/MovieDB";
			};
			name = Release;
		};
		2F5E294C2AC79CDD00B34865 /* Debug */ = {
			isa = XCBuildConfiguration;
			buildSettings = {
				ALWAYS_EMBED_SWIFT_STANDARD_LIBRARIES = YES;
				CODE_SIGN_STYLE = Automatic;
				CURRENT_PROJECT_VERSION = 1;
				DEVELOPMENT_TEAM = U7AJYCA73L;
				GENERATE_INFOPLIST_FILE = YES;
				MARKETING_VERSION = 1.0;
				PRODUCT_BUNDLE_IDENTIFIER = Gevcorst.MovieDBUITests;
				PRODUCT_NAME = "$(TARGET_NAME)";
				SWIFT_EMIT_LOC_STRINGS = NO;
				SWIFT_VERSION = 5.0;
				TARGETED_DEVICE_FAMILY = "1,2";
				TEST_TARGET_NAME = MovieDB;
			};
			name = Debug;
		};
		2F5E294D2AC79CDD00B34865 /* Release */ = {
			isa = XCBuildConfiguration;
			buildSettings = {
				ALWAYS_EMBED_SWIFT_STANDARD_LIBRARIES = YES;
				CODE_SIGN_STYLE = Automatic;
				CURRENT_PROJECT_VERSION = 1;
				DEVELOPMENT_TEAM = U7AJYCA73L;
				GENERATE_INFOPLIST_FILE = YES;
				MARKETING_VERSION = 1.0;
				PRODUCT_BUNDLE_IDENTIFIER = Gevcorst.MovieDBUITests;
				PRODUCT_NAME = "$(TARGET_NAME)";
				SWIFT_EMIT_LOC_STRINGS = NO;
				SWIFT_VERSION = 5.0;
				TARGETED_DEVICE_FAMILY = "1,2";
				TEST_TARGET_NAME = MovieDB;
			};
			name = Release;
		};
/* End XCBuildConfiguration section */

/* Begin XCConfigurationList section */
		2F5E291C2AC79CDC00B34865 /* Build configuration list for PBXProject "MovieDB" */ = {
			isa = XCConfigurationList;
			buildConfigurations = (
				2F5E29432AC79CDD00B34865 /* Debug */,
				2F5E29442AC79CDD00B34865 /* Release */,
			);
			defaultConfigurationIsVisible = 0;
			defaultConfigurationName = Release;
		};
		2F5E29452AC79CDD00B34865 /* Build configuration list for PBXNativeTarget "MovieDB" */ = {
			isa = XCConfigurationList;
			buildConfigurations = (
				2F5E29462AC79CDD00B34865 /* Debug */,
				2F5E29472AC79CDD00B34865 /* Release */,
			);
			defaultConfigurationIsVisible = 0;
			defaultConfigurationName = Release;
		};
		2F5E29482AC79CDD00B34865 /* Build configuration list for PBXNativeTarget "MovieDBTests" */ = {
			isa = XCConfigurationList;
			buildConfigurations = (
				2F5E29492AC79CDD00B34865 /* Debug */,
				2F5E294A2AC79CDD00B34865 /* Release */,
			);
			defaultConfigurationIsVisible = 0;
			defaultConfigurationName = Release;
		};
		2F5E294B2AC79CDD00B34865 /* Build configuration list for PBXNativeTarget "MovieDBUITests" */ = {
			isa = XCConfigurationList;
			buildConfigurations = (
				2F5E294C2AC79CDD00B34865 /* Debug */,
				2F5E294D2AC79CDD00B34865 /* Release */,
			);
			defaultConfigurationIsVisible = 0;
			defaultConfigurationName = Release;
		};
/* End XCConfigurationList section */
	};
	rootObject = 2F5E29192AC79CDC00B34865 /* Project object */;
}
