// !$*UTF8*$!
{
	archiveVersion = 1;
	classes = {
	};
	objectVersion = 56;
	objects = {

/* Begin PBXBuildFile section */
		0215A4642ACA466A00D7AA22 /* Movie.swift in Sources */ = {isa = PBXBuildFile; fileRef = 0215A4632ACA466A00D7AA22 /* Movie.swift */; };
		0215A4672ACB058C00D7AA22 /* WebService.swift in Sources */ = {isa = PBXBuildFile; fileRef = 0215A4662ACB058C00D7AA22 /* WebService.swift */; };
		0215A46A2ACB20C500D7AA22 /* Constants.swift in Sources */ = {isa = PBXBuildFile; fileRef = 0215A4692ACB20C500D7AA22 /* Constants.swift */; };
		0215A46C2ACB3B9C00D7AA22 /* MovieListViewModel.swift in Sources */ = {isa = PBXBuildFile; fileRef = 0215A46B2ACB3B9C00D7AA22 /* MovieListViewModel.swift */; };
		0215A46E2ACB521500D7AA22 /* NetworkRequest.swift in Sources */ = {isa = PBXBuildFile; fileRef = 0215A46D2ACB521400D7AA22 /* NetworkRequest.swift */; };
		0215A4712ACB52A500D7AA22 /* NetworkError.swift in Sources */ = {isa = PBXBuildFile; fileRef = 0215A4702ACB52A500D7AA22 /* NetworkError.swift */; };
		0215A4732ACB566B00D7AA22 /* MovieDetailViewModel.swift in Sources */ = {isa = PBXBuildFile; fileRef = 0215A4722ACB566B00D7AA22 /* MovieDetailViewModel.swift */; };
		0215A4752ACC8B7400D7AA22 /* Cache.swift in Sources */ = {isa = PBXBuildFile; fileRef = 0215A4742ACC8B7400D7AA22 /* Cache.swift */; };
		045B3D872ACDB9E5000FC0A2 /* MovieListView.swift in Sources */ = {isa = PBXBuildFile; fileRef = 045B3D862ACDB9E5000FC0A2 /* MovieListView.swift */; };
		045B3D8D2ACDBB5E000FC0A2 /* MovieModelBase.swift in Sources */ = {isa = PBXBuildFile; fileRef = 045B3D8C2ACDBB5E000FC0A2 /* MovieModelBase.swift */; };
		045B3D8F2ACDBC42000FC0A2 /* FailedView.swift in Sources */ = {isa = PBXBuildFile; fileRef = 045B3D8E2ACDBC42000FC0A2 /* FailedView.swift */; };
		045B3D982ACDC135000FC0A2 /* ImageLoader.swift in Sources */ = {isa = PBXBuildFile; fileRef = 045B3D972ACDC135000FC0A2 /* ImageLoader.swift */; };
		045B3D9A2ACDC1F7000FC0A2 /* TrendingResults.swift in Sources */ = {isa = PBXBuildFile; fileRef = 045B3D992ACDC1F7000FC0A2 /* TrendingResults.swift */; };
		2F5E29252AC79CDC00B34865 /* MovieDBApp.swift in Sources */ = {isa = PBXBuildFile; fileRef = 2F5E29242AC79CDC00B34865 /* MovieDBApp.swift */; };
		2F5E29292AC79CDD00B34865 /* Assets.xcassets in Resources */ = {isa = PBXBuildFile; fileRef = 2F5E29282AC79CDD00B34865 /* Assets.xcassets */; };
		2F5E292C2AC79CDD00B34865 /* Preview Assets.xcassets in Resources */ = {isa = PBXBuildFile; fileRef = 2F5E292B2AC79CDD00B34865 /* Preview Assets.xcassets */; };
		2F5E29362AC79CDD00B34865 /* MovieDBTests.swift in Sources */ = {isa = PBXBuildFile; fileRef = 2F5E29352AC79CDD00B34865 /* MovieDBTests.swift */; };
		2F5E29402AC79CDD00B34865 /* MovieDBUITests.swift in Sources */ = {isa = PBXBuildFile; fileRef = 2F5E293F2AC79CDD00B34865 /* MovieDBUITests.swift */; };
		2F5E29422AC79CDD00B34865 /* MovieDBUITestsLaunchTests.swift in Sources */ = {isa = PBXBuildFile; fileRef = 2F5E29412AC79CDD00B34865 /* MovieDBUITestsLaunchTests.swift */; };
		2F83890F2AC99BD50055452D /* MovieDBNetworkServices.swift in Sources */ = {isa = PBXBuildFile; fileRef = 2F83890E2AC99BD50055452D /* MovieDBNetworkServices.swift */; };
		2F9646572ACB0CC400646BD0 /* MovieCoreDataModel.xcdatamodeld in Sources */ = {isa = PBXBuildFile; fileRef = 2F9646552ACB0CC400646BD0 /* MovieCoreDataModel.xcdatamodeld */; };
		2F9646592ACB451000646BD0 /* MovieDBRepository.swift in Sources */ = {isa = PBXBuildFile; fileRef = 2F9646582ACB451000646BD0 /* MovieDBRepository.swift */; };
		CA10784A2AD5C8D8006A77B8 /* CoreDataManager.swift in Sources */ = {isa = PBXBuildFile; fileRef = CA1078492AD5C8D8006A77B8 /* CoreDataManager.swift */; };
		CA28477C2ACDF6A30073A196 /* ExploreMoviesView.swift in Sources */ = {isa = PBXBuildFile; fileRef = CA28477B2ACDF6A30073A196 /* ExploreMoviesView.swift */; };
		CA28477E2ACDF6C20073A196 /* FavoritesView.swift in Sources */ = {isa = PBXBuildFile; fileRef = CA28477D2ACDF6C20073A196 /* FavoritesView.swift */; };
		CA2847802ACDF6DC0073A196 /* MovieCard.swift in Sources */ = {isa = PBXBuildFile; fileRef = CA28477F2ACDF6DC0073A196 /* MovieCard.swift */; };
		CA2847832ACDF70E0073A196 /* CastView.swift in Sources */ = {isa = PBXBuildFile; fileRef = CA2847822ACDF70E0073A196 /* CastView.swift */; };
		CA2847852ACDF7280073A196 /* MovieDetailView.swift in Sources */ = {isa = PBXBuildFile; fileRef = CA2847842ACDF7280073A196 /* MovieDetailView.swift */; };
		CA2847872ACE450A0073A196 /* MovieCredits.swift in Sources */ = {isa = PBXBuildFile; fileRef = CA2847862ACE450A0073A196 /* MovieCredits.swift */; };
		CA2847892ACE45310073A196 /* CastProfile.swift in Sources */ = {isa = PBXBuildFile; fileRef = CA2847882ACE45310073A196 /* CastProfile.swift */; };
/* End PBXBuildFile section */

/* Begin PBXContainerItemProxy section */
		2F5E29322AC79CDD00B34865 /* PBXContainerItemProxy */ = {
			isa = PBXContainerItemProxy;
			containerPortal = 2F5E29192AC79CDC00B34865 /* Project object */;
			proxyType = 1;
			remoteGlobalIDString = 2F5E29202AC79CDC00B34865;
			remoteInfo = MovieDB;
		};
		2F5E293C2AC79CDD00B34865 /* PBXContainerItemProxy */ = {
			isa = PBXContainerItemProxy;
			containerPortal = 2F5E29192AC79CDC00B34865 /* Project object */;
			proxyType = 1;
			remoteGlobalIDString = 2F5E29202AC79CDC00B34865;
			remoteInfo = MovieDB;
		};
/* End PBXContainerItemProxy section */

/* Begin PBXFileReference section */
		0215A4632ACA466A00D7AA22 /* Movie.swift */ = {isa = PBXFileReference; lastKnownFileType = sourcecode.swift; path = Movie.swift; sourceTree = "<group>"; };
		0215A4662ACB058C00D7AA22 /* WebService.swift */ = {isa = PBXFileReference; lastKnownFileType = sourcecode.swift; path = WebService.swift; sourceTree = "<group>"; };
		0215A4692ACB20C500D7AA22 /* Constants.swift */ = {isa = PBXFileReference; lastKnownFileType = sourcecode.swift; path = Constants.swift; sourceTree = "<group>"; };
		0215A46B2ACB3B9C00D7AA22 /* MovieListViewModel.swift */ = {isa = PBXFileReference; lastKnownFileType = sourcecode.swift; path = MovieListViewModel.swift; sourceTree = "<group>"; };
		0215A46D2ACB521400D7AA22 /* NetworkRequest.swift */ = {isa = PBXFileReference; lastKnownFileType = sourcecode.swift; path = NetworkRequest.swift; sourceTree = "<group>"; };
		0215A4702ACB52A500D7AA22 /* NetworkError.swift */ = {isa = PBXFileReference; lastKnownFileType = sourcecode.swift; path = NetworkError.swift; sourceTree = "<group>"; };
		0215A4722ACB566B00D7AA22 /* MovieDetailViewModel.swift */ = {isa = PBXFileReference; lastKnownFileType = sourcecode.swift; path = MovieDetailViewModel.swift; sourceTree = "<group>"; };
		0215A4742ACC8B7400D7AA22 /* Cache.swift */ = {isa = PBXFileReference; lastKnownFileType = sourcecode.swift; path = Cache.swift; sourceTree = "<group>"; };
		045B3D862ACDB9E5000FC0A2 /* MovieListView.swift */ = {isa = PBXFileReference; lastKnownFileType = sourcecode.swift; path = MovieListView.swift; sourceTree = "<group>"; };
		045B3D8C2ACDBB5E000FC0A2 /* MovieModelBase.swift */ = {isa = PBXFileReference; lastKnownFileType = sourcecode.swift; path = MovieModelBase.swift; sourceTree = "<group>"; };
		045B3D8E2ACDBC42000FC0A2 /* FailedView.swift */ = {isa = PBXFileReference; lastKnownFileType = sourcecode.swift; path = FailedView.swift; sourceTree = "<group>"; };
		045B3D972ACDC135000FC0A2 /* ImageLoader.swift */ = {isa = PBXFileReference; lastKnownFileType = sourcecode.swift; path = ImageLoader.swift; sourceTree = "<group>"; };
		045B3D992ACDC1F7000FC0A2 /* TrendingResults.swift */ = {isa = PBXFileReference; lastKnownFileType = sourcecode.swift; path = TrendingResults.swift; sourceTree = "<group>"; };
		2F5E29212AC79CDC00B34865 /* MovieDB.app */ = {isa = PBXFileReference; explicitFileType = wrapper.application; includeInIndex = 0; path = MovieDB.app; sourceTree = BUILT_PRODUCTS_DIR; };
		2F5E29242AC79CDC00B34865 /* MovieDBApp.swift */ = {isa = PBXFileReference; lastKnownFileType = sourcecode.swift; path = MovieDBApp.swift; sourceTree = "<group>"; };
		2F5E29282AC79CDD00B34865 /* Assets.xcassets */ = {isa = PBXFileReference; lastKnownFileType = folder.assetcatalog; path = Assets.xcassets; sourceTree = "<group>"; };
		2F5E292B2AC79CDD00B34865 /* Preview Assets.xcassets */ = {isa = PBXFileReference; lastKnownFileType = folder.assetcatalog; path = "Preview Assets.xcassets"; sourceTree = "<group>"; };
		2F5E29312AC79CDD00B34865 /* MovieDBTests.xctest */ = {isa = PBXFileReference; explicitFileType = wrapper.cfbundle; includeInIndex = 0; path = MovieDBTests.xctest; sourceTree = BUILT_PRODUCTS_DIR; };
		2F5E29352AC79CDD00B34865 /* MovieDBTests.swift */ = {isa = PBXFileReference; lastKnownFileType = sourcecode.swift; path = MovieDBTests.swift; sourceTree = "<group>"; };
		2F5E293B2AC79CDD00B34865 /* MovieDBUITests.xctest */ = {isa = PBXFileReference; explicitFileType = wrapper.cfbundle; includeInIndex = 0; path = MovieDBUITests.xctest; sourceTree = BUILT_PRODUCTS_DIR; };
		2F5E293F2AC79CDD00B34865 /* MovieDBUITests.swift */ = {isa = PBXFileReference; lastKnownFileType = sourcecode.swift; path = MovieDBUITests.swift; sourceTree = "<group>"; };
		2F5E29412AC79CDD00B34865 /* MovieDBUITestsLaunchTests.swift */ = {isa = PBXFileReference; lastKnownFileType = sourcecode.swift; path = MovieDBUITestsLaunchTests.swift; sourceTree = "<group>"; };
		2F83890E2AC99BD50055452D /* MovieDBNetworkServices.swift */ = {isa = PBXFileReference; lastKnownFileType = sourcecode.swift; path = MovieDBNetworkServices.swift; sourceTree = "<group>"; };
		2F9646562ACB0CC400646BD0 /* MovieCoreDataModel.xcdatamodel */ = {isa = PBXFileReference; lastKnownFileType = wrapper.xcdatamodel; path = MovieCoreDataModel.xcdatamodel; sourceTree = "<group>"; };
		2F9646582ACB451000646BD0 /* MovieDBRepository.swift */ = {isa = PBXFileReference; lastKnownFileType = sourcecode.swift; path = MovieDBRepository.swift; sourceTree = "<group>"; };
		CA1078492AD5C8D8006A77B8 /* CoreDataManager.swift */ = {isa = PBXFileReference; lastKnownFileType = sourcecode.swift; path = CoreDataManager.swift; sourceTree = "<group>"; };
		CA28477B2ACDF6A30073A196 /* ExploreMoviesView.swift */ = {isa = PBXFileReference; lastKnownFileType = sourcecode.swift; path = ExploreMoviesView.swift; sourceTree = "<group>"; };
		CA28477D2ACDF6C20073A196 /* FavoritesView.swift */ = {isa = PBXFileReference; lastKnownFileType = sourcecode.swift; path = FavoritesView.swift; sourceTree = "<group>"; };
		CA28477F2ACDF6DC0073A196 /* MovieCard.swift */ = {isa = PBXFileReference; lastKnownFileType = sourcecode.swift; path = MovieCard.swift; sourceTree = "<group>"; };
		CA2847822ACDF70E0073A196 /* CastView.swift */ = {isa = PBXFileReference; lastKnownFileType = sourcecode.swift; path = CastView.swift; sourceTree = "<group>"; };
		CA2847842ACDF7280073A196 /* MovieDetailView.swift */ = {isa = PBXFileReference; lastKnownFileType = sourcecode.swift; path = MovieDetailView.swift; sourceTree = "<group>"; };
		CA2847862ACE450A0073A196 /* MovieCredits.swift */ = {isa = PBXFileReference; lastKnownFileType = sourcecode.swift; path = MovieCredits.swift; sourceTree = "<group>"; };
		CA2847882ACE45310073A196 /* CastProfile.swift */ = {isa = PBXFileReference; lastKnownFileType = sourcecode.swift; path = CastProfile.swift; sourceTree = "<group>"; };
/* End PBXFileReference section */

/* Begin PBXFrameworksBuildPhase section */
		2F5E291E2AC79CDC00B34865 /* Frameworks */ = {
			isa = PBXFrameworksBuildPhase;
			buildActionMask = 2147483647;
			files = (
			);
			runOnlyForDeploymentPostprocessing = 0;
		};
		2F5E292E2AC79CDD00B34865 /* Frameworks */ = {
			isa = PBXFrameworksBuildPhase;
			buildActionMask = 2147483647;
			files = (
			);
			runOnlyForDeploymentPostprocessing = 0;
		};
		2F5E29382AC79CDD00B34865 /* Frameworks */ = {
			isa = PBXFrameworksBuildPhase;
			buildActionMask = 2147483647;
			files = (
			);
			runOnlyForDeploymentPostprocessing = 0;
		};
/* End PBXFrameworksBuildPhase section */

/* Begin PBXGroup section */
		0215A4602ACA45B000D7AA22 /* Model */ = {
			isa = PBXGroup;
			children = (
				0215A4632ACA466A00D7AA22 /* Movie.swift */,
				045B3D992ACDC1F7000FC0A2 /* TrendingResults.swift */,
				CA2847862ACE450A0073A196 /* MovieCredits.swift */,
				CA2847882ACE45310073A196 /* CastProfile.swift */,
			);
			path = Model;
			sourceTree = "<group>";
		};
		0215A4612ACA45B700D7AA22 /* ViewModel */ = {
			isa = PBXGroup;
			children = (
				0215A46B2ACB3B9C00D7AA22 /* MovieListViewModel.swift */,
				0215A4722ACB566B00D7AA22 /* MovieDetailViewModel.swift */,
				045B3D8C2ACDBB5E000FC0A2 /* MovieModelBase.swift */,
			);
			path = ViewModel;
			sourceTree = "<group>";
		};
		0215A4622ACA45C400D7AA22 /* View */ = {
			isa = PBXGroup;
			children = (
				CA2847812ACDF6F30073A196 /* MovieDetails */,
				CA28477A2ACDF6840073A196 /* ExploreView */,
				045B3D862ACDB9E5000FC0A2 /* MovieListView.swift */,
				045B3D8E2ACDBC42000FC0A2 /* FailedView.swift */,
			);
			path = View;
			sourceTree = "<group>";
		};
		0215A4652ACB057B00D7AA22 /* Service */ = {
			isa = PBXGroup;
			children = (
				0215A4662ACB058C00D7AA22 /* WebService.swift */,
				0215A46D2ACB521400D7AA22 /* NetworkRequest.swift */,
				0215A4742ACC8B7400D7AA22 /* Cache.swift */,
			);
			path = Service;
			sourceTree = "<group>";
		};
		0215A4682ACB20A100D7AA22 /* Utils */ = {
			isa = PBXGroup;
			children = (
				0215A4692ACB20C500D7AA22 /* Constants.swift */,
			);
			path = Utils;
			sourceTree = "<group>";
		};
		0215A46F2ACB528A00D7AA22 /* Error */ = {
			isa = PBXGroup;
			children = (
				0215A4702ACB52A500D7AA22 /* NetworkError.swift */,
			);
			path = Error;
			sourceTree = "<group>";
		};
		045B3D922ACDC0D6000FC0A2 /* Loader */ = {
			isa = PBXGroup;
			children = (
				045B3D972ACDC135000FC0A2 /* ImageLoader.swift */,
			);
			path = Loader;
			sourceTree = "<group>";
		};
		2F5E29182AC79CDC00B34865 = {
			isa = PBXGroup;
			children = (
				2F5E29232AC79CDC00B34865 /* MovieDB */,
				2F5E29342AC79CDD00B34865 /* MovieDBTests */,
				2F5E293E2AC79CDD00B34865 /* MovieDBUITests */,
				2F5E29222AC79CDC00B34865 /* Products */,
			);
			sourceTree = "<group>";
		};
		2F5E29222AC79CDC00B34865 /* Products */ = {
			isa = PBXGroup;
			children = (
				2F5E29212AC79CDC00B34865 /* MovieDB.app */,
				2F5E29312AC79CDD00B34865 /* MovieDBTests.xctest */,
				2F5E293B2AC79CDD00B34865 /* MovieDBUITests.xctest */,
			);
			name = Products;
			sourceTree = "<group>";
		};
		2F5E29232AC79CDC00B34865 /* MovieDB */ = {
			isa = PBXGroup;
			children = (
				045B3D922ACDC0D6000FC0A2 /* Loader */,
				0215A46F2ACB528A00D7AA22 /* Error */,
				0215A4682ACB20A100D7AA22 /* Utils */,
				0215A4652ACB057B00D7AA22 /* Service */,
				0215A4622ACA45C400D7AA22 /* View */,
				0215A4612ACA45B700D7AA22 /* ViewModel */,
				0215A4602ACA45B000D7AA22 /* Model */,
				2F8388FA2AC998AE0055452D /* Repository */,
				2F5E29242AC79CDC00B34865 /* MovieDBApp.swift */,
				2F5E29282AC79CDD00B34865 /* Assets.xcassets */,
				2F5E292A2AC79CDD00B34865 /* Preview Content */,
				2F9646552ACB0CC400646BD0 /* MovieCoreDataModel.xcdatamodeld */,
			);
			path = MovieDB;
			sourceTree = "<group>";
		};
		2F5E292A2AC79CDD00B34865 /* Preview Content */ = {
			isa = PBXGroup;
			children = (
				2F5E292B2AC79CDD00B34865 /* Preview Assets.xcassets */,
			);
			path = "Preview Content";
			sourceTree = "<group>";
		};
		2F5E29342AC79CDD00B34865 /* MovieDBTests */ = {
			isa = PBXGroup;
			children = (
				2F5E29352AC79CDD00B34865 /* MovieDBTests.swift */,
			);
			path = MovieDBTests;
			sourceTree = "<group>";
		};
		2F5E293E2AC79CDD00B34865 /* MovieDBUITests */ = {
			isa = PBXGroup;
			children = (
				2F5E293F2AC79CDD00B34865 /* MovieDBUITests.swift */,
				2F5E29412AC79CDD00B34865 /* MovieDBUITestsLaunchTests.swift */,
			);
			path = MovieDBUITests;
			sourceTree = "<group>";
		};
		2F8388FA2AC998AE0055452D /* Repository */ = {
			isa = PBXGroup;
			children = (
				2F8388FC2AC998C70055452D /* CoreData */,
				2F8388FB2AC998BB0055452D /* Network */,
				2F9646582ACB451000646BD0 /* MovieDBRepository.swift */,
			);
			path = Repository;
			sourceTree = "<group>";
		};
		2F8388FB2AC998BB0055452D /* Network */ = {
			isa = PBXGroup;
			children = (
				2F83890E2AC99BD50055452D /* MovieDBNetworkServices.swift */,
			);
			path = Network;
			sourceTree = "<group>";
		};
		2F8388FC2AC998C70055452D /* CoreData */ = {
			isa = PBXGroup;
			children = (
				CA1078492AD5C8D8006A77B8 /* CoreDataManager.swift */,
			);
			path = CoreData;
			sourceTree = "<group>";
		};
		CA28477A2ACDF6840073A196 /* ExploreView */ = {
			isa = PBXGroup;
			children = (
				CA28477B2ACDF6A30073A196 /* ExploreMoviesView.swift */,
				CA28477D2ACDF6C20073A196 /* FavoritesView.swift */,
				CA28477F2ACDF6DC0073A196 /* MovieCard.swift */,
			);
			path = ExploreView;
			sourceTree = "<group>";
		};
		CA2847812ACDF6F30073A196 /* MovieDetails */ = {
			isa = PBXGroup;
			children = (
				CA2847822ACDF70E0073A196 /* CastView.swift */,
				CA2847842ACDF7280073A196 /* MovieDetailView.swift */,
			);
			path = MovieDetails;
			sourceTree = "<group>";
		};
/* End PBXGroup section */

/* Begin PBXNativeTarget section */
		2F5E29202AC79CDC00B34865 /* MovieDB */ = {
			isa = PBXNativeTarget;
			buildConfigurationList = 2F5E29452AC79CDD00B34865 /* Build configuration list for PBXNativeTarget "MovieDB" */;
			buildPhases = (
				2F5E291D2AC79CDC00B34865 /* Sources */,
				2F5E291E2AC79CDC00B34865 /* Frameworks */,
				2F5E291F2AC79CDC00B34865 /* Resources */,
			);
			buildRules = (
			);
			dependencies = (
			);
			name = MovieDB;
			productName = MovieDB;
			productReference = 2F5E29212AC79CDC00B34865 /* MovieDB.app */;
			productType = "com.apple.product-type.application";
		};
		2F5E29302AC79CDD00B34865 /* MovieDBTests */ = {
			isa = PBXNativeTarget;
			buildConfigurationList = 2F5E29482AC79CDD00B34865 /* Build configuration list for PBXNativeTarget "MovieDBTests" */;
			buildPhases = (
				2F5E292D2AC79CDD00B34865 /* Sources */,
				2F5E292E2AC79CDD00B34865 /* Frameworks */,
				2F5E292F2AC79CDD00B34865 /* Resources */,
			);
			buildRules = (
			);
			dependencies = (
				2F5E29332AC79CDD00B34865 /* PBXTargetDependency */,
			);
			name = MovieDBTests;
			productName = MovieDBTests;
			productReference = 2F5E29312AC79CDD00B34865 /* MovieDBTests.xctest */;
			productType = "com.apple.product-type.bundle.unit-test";
		};
		2F5E293A2AC79CDD00B34865 /* MovieDBUITests */ = {
			isa = PBXNativeTarget;
			buildConfigurationList = 2F5E294B2AC79CDD00B34865 /* Build configuration list for PBXNativeTarget "MovieDBUITests" */;
			buildPhases = (
				2F5E29372AC79CDD00B34865 /* Sources */,
				2F5E29382AC79CDD00B34865 /* Frameworks */,
				2F5E29392AC79CDD00B34865 /* Resources */,
			);
			buildRules = (
			);
			dependencies = (
				2F5E293D2AC79CDD00B34865 /* PBXTargetDependency */,
			);
			name = MovieDBUITests;
			productName = MovieDBUITests;
			productReference = 2F5E293B2AC79CDD00B34865 /* MovieDBUITests.xctest */;
			productType = "com.apple.product-type.bundle.ui-testing";
		};
/* End PBXNativeTarget section */

/* Begin PBXProject section */
		2F5E29192AC79CDC00B34865 /* Project object */ = {
			isa = PBXProject;
			attributes = {
				BuildIndependentTargetsInParallel = 1;
				LastSwiftUpdateCheck = 1500;
				LastUpgradeCheck = 1500;
				TargetAttributes = {
					2F5E29202AC79CDC00B34865 = {
						CreatedOnToolsVersion = 15.0;
					};
					2F5E29302AC79CDD00B34865 = {
						CreatedOnToolsVersion = 15.0;
						TestTargetID = 2F5E29202AC79CDC00B34865;
					};
					2F5E293A2AC79CDD00B34865 = {
						CreatedOnToolsVersion = 15.0;
						TestTargetID = 2F5E29202AC79CDC00B34865;
					};
				};
			};
			buildConfigurationList = 2F5E291C2AC79CDC00B34865 /* Build configuration list for PBXProject "MovieDB" */;
			compatibilityVersion = "Xcode 14.0";
			developmentRegion = en;
			hasScannedForEncodings = 0;
			knownRegions = (
				en,
				Base,
			);
			mainGroup = 2F5E29182AC79CDC00B34865;
			productRefGroup = 2F5E29222AC79CDC00B34865 /* Products */;
			projectDirPath = "";
			projectRoot = "";
			targets = (
				2F5E29202AC79CDC00B34865 /* MovieDB */,
				2F5E29302AC79CDD00B34865 /* MovieDBTests */,
				2F5E293A2AC79CDD00B34865 /* MovieDBUITests */,
			);
		};
/* End PBXProject section */

/* Begin PBXResourcesBuildPhase section */
		2F5E291F2AC79CDC00B34865 /* Resources */ = {
			isa = PBXResourcesBuildPhase;
			buildActionMask = 2147483647;
			files = (
				2F5E292C2AC79CDD00B34865 /* Preview Assets.xcassets in Resources */,
				2F5E29292AC79CDD00B34865 /* Assets.xcassets in Resources */,
			);
			runOnlyForDeploymentPostprocessing = 0;
		};
		2F5E292F2AC79CDD00B34865 /* Resources */ = {
			isa = PBXResourcesBuildPhase;
			buildActionMask = 2147483647;
			files = (
			);
			runOnlyForDeploymentPostprocessing = 0;
		};
		2F5E29392AC79CDD00B34865 /* Resources */ = {
			isa = PBXResourcesBuildPhase;
			buildActionMask = 2147483647;
			files = (
			);
			runOnlyForDeploymentPostprocessing = 0;
		};
/* End PBXResourcesBuildPhase section */

/* Begin PBXSourcesBuildPhase section */
		2F5E291D2AC79CDC00B34865 /* Sources */ = {
			isa = PBXSourcesBuildPhase;
			buildActionMask = 2147483647;
			files = (
				CA2847892ACE45310073A196 /* CastProfile.swift in Sources */,
				0215A46E2ACB521500D7AA22 /* NetworkRequest.swift in Sources */,
				CA28477C2ACDF6A30073A196 /* ExploreMoviesView.swift in Sources */,
				0215A4712ACB52A500D7AA22 /* NetworkError.swift in Sources */,
				CA2847872ACE450A0073A196 /* MovieCredits.swift in Sources */,
				045B3D982ACDC135000FC0A2 /* ImageLoader.swift in Sources */,
				0215A46A2ACB20C500D7AA22 /* Constants.swift in Sources */,
				045B3D8D2ACDBB5E000FC0A2 /* MovieModelBase.swift in Sources */,
				045B3D872ACDB9E5000FC0A2 /* MovieListView.swift in Sources */,
				045B3D8F2ACDBC42000FC0A2 /* FailedView.swift in Sources */,
				2F83890F2AC99BD50055452D /* MovieDBNetworkServices.swift in Sources */,
				CA28477E2ACDF6C20073A196 /* FavoritesView.swift in Sources */,
				2F9646572ACB0CC400646BD0 /* MovieCoreDataModel.xcdatamodeld in Sources */,
				045B3D9A2ACDC1F7000FC0A2 /* TrendingResults.swift in Sources */,
				2F9646592ACB451000646BD0 /* MovieDBRepository.swift in Sources */,
				2F5E29252AC79CDC00B34865 /* MovieDBApp.swift in Sources */,
				0215A4672ACB058C00D7AA22 /* WebService.swift in Sources */,
				0215A4752ACC8B7400D7AA22 /* Cache.swift in Sources */,
				0215A4642ACA466A00D7AA22 /* Movie.swift in Sources */,
				CA2847852ACDF7280073A196 /* MovieDetailView.swift in Sources */,
				CA2847802ACDF6DC0073A196 /* MovieCard.swift in Sources */,
				0215A46C2ACB3B9C00D7AA22 /* MovieListViewModel.swift in Sources */,
				0215A4732ACB566B00D7AA22 /* MovieDetailViewModel.swift in Sources */,
				CA2847832ACDF70E0073A196 /* CastView.swift in Sources */,
				CA10784A2AD5C8D8006A77B8 /* CoreDataManager.swift in Sources */,
			);
			runOnlyForDeploymentPostprocessing = 0;
		};
		2F5E292D2AC79CDD00B34865 /* Sources */ = {
			isa = PBXSourcesBuildPhase;
			buildActionMask = 2147483647;
			files = (
				2F5E29362AC79CDD00B34865 /* MovieDBTests.swift in Sources */,
			);
			runOnlyForDeploymentPostprocessing = 0;
		};
		2F5E29372AC79CDD00B34865 /* Sources */ = {
			isa = PBXSourcesBuildPhase;
			buildActionMask = 2147483647;
			files = (
				2F5E29402AC79CDD00B34865 /* MovieDBUITests.swift in Sources */,
				2F5E29422AC79CDD00B34865 /* MovieDBUITestsLaunchTests.swift in Sources */,
			);
			runOnlyForDeploymentPostprocessing = 0;
		};
/* End PBXSourcesBuildPhase section */

/* Begin PBXTargetDependency section */
		2F5E29332AC79CDD00B34865 /* PBXTargetDependency */ = {
			isa = PBXTargetDependency;
			target = 2F5E29202AC79CDC00B34865 /* MovieDB */;
			targetProxy = 2F5E29322AC79CDD00B34865 /* PBXContainerItemProxy */;
		};
		2F5E293D2AC79CDD00B34865 /* PBXTargetDependency */ = {
			isa = PBXTargetDependency;
			target = 2F5E29202AC79CDC00B34865 /* MovieDB */;
			targetProxy = 2F5E293C2AC79CDD00B34865 /* PBXContainerItemProxy */;
		};
/* End PBXTargetDependency section */

/* Begin XCBuildConfiguration section */
		2F5E29432AC79CDD00B34865 /* Debug */ = {
			isa = XCBuildConfiguration;
			buildSettings = {
				ALWAYS_SEARCH_USER_PATHS = NO;
				ASSETCATALOG_COMPILER_GENERATE_SWIFT_ASSET_SYMBOL_EXTENSIONS = YES;
				CLANG_ANALYZER_NONNULL = YES;
				CLANG_ANALYZER_NUMBER_OBJECT_CONVERSION = YES_AGGRESSIVE;
				CLANG_CXX_LANGUAGE_STANDARD = "gnu++20";
				CLANG_ENABLE_MODULES = YES;
				CLANG_ENABLE_OBJC_ARC = YES;
				CLANG_ENABLE_OBJC_WEAK = YES;
				CLANG_WARN_BLOCK_CAPTURE_AUTORELEASING = YES;
				CLANG_WARN_BOOL_CONVERSION = YES;
				CLANG_WARN_COMMA = YES;
				CLANG_WARN_CONSTANT_CONVERSION = YES;
				CLANG_WARN_DEPRECATED_OBJC_IMPLEMENTATIONS = YES;
				CLANG_WARN_DIRECT_OBJC_ISA_USAGE = YES_ERROR;
				CLANG_WARN_DOCUMENTATION_COMMENTS = YES;
				CLANG_WARN_EMPTY_BODY = YES;
				CLANG_WARN_ENUM_CONVERSION = YES;
				CLANG_WARN_INFINITE_RECURSION = YES;
				CLANG_WARN_INT_CONVERSION = YES;
				CLANG_WARN_NON_LITERAL_NULL_CONVERSION = YES;
				CLANG_WARN_OBJC_IMPLICIT_RETAIN_SELF = YES;
				CLANG_WARN_OBJC_LITERAL_CONVERSION = YES;
				CLANG_WARN_OBJC_ROOT_CLASS = YES_ERROR;
				CLANG_WARN_QUOTED_INCLUDE_IN_FRAMEWORK_HEADER = YES;
				CLANG_WARN_RANGE_LOOP_ANALYSIS = YES;
				CLANG_WARN_STRICT_PROTOTYPES = YES;
				CLANG_WARN_SUSPICIOUS_MOVE = YES;
				CLANG_WARN_UNGUARDED_AVAILABILITY = YES_AGGRESSIVE;
				CLANG_WARN_UNREACHABLE_CODE = YES;
				CLANG_WARN__DUPLICATE_METHOD_MATCH = YES;
				COPY_PHASE_STRIP = NO;
				DEBUG_INFORMATION_FORMAT = dwarf;
				ENABLE_STRICT_OBJC_MSGSEND = YES;
				ENABLE_TESTABILITY = YES;
				ENABLE_USER_SCRIPT_SANDBOXING = YES;
				GCC_C_LANGUAGE_STANDARD = gnu17;
				GCC_DYNAMIC_NO_PIC = NO;
				GCC_NO_COMMON_BLOCKS = YES;
				GCC_OPTIMIZATION_LEVEL = 0;
				GCC_PREPROCESSOR_DEFINITIONS = (
					"DEBUG=1",
					"$(inherited)",
				);
				GCC_WARN_64_TO_32_BIT_CONVERSION = YES;
				GCC_WARN_ABOUT_RETURN_TYPE = YES_ERROR;
				GCC_WARN_UNDECLARED_SELECTOR = YES;
				GCC_WARN_UNINITIALIZED_AUTOS = YES_AGGRESSIVE;
				GCC_WARN_UNUSED_FUNCTION = YES;
				GCC_WARN_UNUSED_VARIABLE = YES;
				IPHONEOS_DEPLOYMENT_TARGET = 17.0;
				LOCALIZATION_PREFERS_STRING_CATALOGS = YES;
				MTL_ENABLE_DEBUG_INFO = INCLUDE_SOURCE;
				MTL_FAST_MATH = YES;
				ONLY_ACTIVE_ARCH = YES;
				SDKROOT = iphoneos;
				SWIFT_ACTIVE_COMPILATION_CONDITIONS = "DEBUG $(inherited)";
				SWIFT_OPTIMIZATION_LEVEL = "-Onone";
			};
			name = Debug;
		};
		2F5E29442AC79CDD00B34865 /* Release */ = {
			isa = XCBuildConfiguration;
			buildSettings = {
				ALWAYS_SEARCH_USER_PATHS = NO;
				ASSETCATALOG_COMPILER_GENERATE_SWIFT_ASSET_SYMBOL_EXTENSIONS = YES;
				CLANG_ANALYZER_NONNULL = YES;
				CLANG_ANALYZER_NUMBER_OBJECT_CONVERSION = YES_AGGRESSIVE;
				CLANG_CXX_LANGUAGE_STANDARD = "gnu++20";
				CLANG_ENABLE_MODULES = YES;
				CLANG_ENABLE_OBJC_ARC = YES;
				CLANG_ENABLE_OBJC_WEAK = YES;
				CLANG_WARN_BLOCK_CAPTURE_AUTORELEASING = YES;
				CLANG_WARN_BOOL_CONVERSION = YES;
				CLANG_WARN_COMMA = YES;
				CLANG_WARN_CONSTANT_CONVERSION = YES;
				CLANG_WARN_DEPRECATED_OBJC_IMPLEMENTATIONS = YES;
				CLANG_WARN_DIRECT_OBJC_ISA_USAGE = YES_ERROR;
				CLANG_WARN_DOCUMENTATION_COMMENTS = YES;
				CLANG_WARN_EMPTY_BODY = YES;
				CLANG_WARN_ENUM_CONVERSION = YES;
				CLANG_WARN_INFINITE_RECURSION = YES;
				CLANG_WARN_INT_CONVERSION = YES;
				CLANG_WARN_NON_LITERAL_NULL_CONVERSION = YES;
				CLANG_WARN_OBJC_IMPLICIT_RETAIN_SELF = YES;
				CLANG_WARN_OBJC_LITERAL_CONVERSION = YES;
				CLANG_WARN_OBJC_ROOT_CLASS = YES_ERROR;
				CLANG_WARN_QUOTED_INCLUDE_IN_FRAMEWORK_HEADER = YES;
				CLANG_WARN_RANGE_LOOP_ANALYSIS = YES;
				CLANG_WARN_STRICT_PROTOTYPES = YES;
				CLANG_WARN_SUSPICIOUS_MOVE = YES;
				CLANG_WARN_UNGUARDED_AVAILABILITY = YES_AGGRESSIVE;
				CLANG_WARN_UNREACHABLE_CODE = YES;
				CLANG_WARN__DUPLICATE_METHOD_MATCH = YES;
				COPY_PHASE_STRIP = NO;
				DEBUG_INFORMATION_FORMAT = "dwarf-with-dsym";
				ENABLE_NS_ASSERTIONS = NO;
				ENABLE_STRICT_OBJC_MSGSEND = YES;
				ENABLE_USER_SCRIPT_SANDBOXING = YES;
				GCC_C_LANGUAGE_STANDARD = gnu17;
				GCC_NO_COMMON_BLOCKS = YES;
				GCC_WARN_64_TO_32_BIT_CONVERSION = YES;
				GCC_WARN_ABOUT_RETURN_TYPE = YES_ERROR;
				GCC_WARN_UNDECLARED_SELECTOR = YES;
				GCC_WARN_UNINITIALIZED_AUTOS = YES_AGGRESSIVE;
				GCC_WARN_UNUSED_FUNCTION = YES;
				GCC_WARN_UNUSED_VARIABLE = YES;
				IPHONEOS_DEPLOYMENT_TARGET = 17.0;
				LOCALIZATION_PREFERS_STRING_CATALOGS = YES;
				MTL_ENABLE_DEBUG_INFO = NO;
				MTL_FAST_MATH = YES;
				SDKROOT = iphoneos;
				SWIFT_COMPILATION_MODE = wholemodule;
				VALIDATE_PRODUCT = YES;
			};
			name = Release;
		};
		2F5E29462AC79CDD00B34865 /* Debug */ = {
			isa = XCBuildConfiguration;
			buildSettings = {
				ASSETCATALOG_COMPILER_APPICON_NAME = AppIcon;
				ASSETCATALOG_COMPILER_GLOBAL_ACCENT_COLOR_NAME = AccentColor;
				CODE_SIGN_STYLE = Automatic;
				CURRENT_PROJECT_VERSION = 1;
				DEVELOPMENT_ASSET_PATHS = "\"MovieDB/Preview Content\"";
				DEVELOPMENT_TEAM = AYBK57X933;
				ENABLE_PREVIEWS = YES;
				GENERATE_INFOPLIST_FILE = YES;
				INFOPLIST_KEY_UIApplicationSceneManifest_Generation = YES;
				INFOPLIST_KEY_UIApplicationSupportsIndirectInputEvents = YES;
				INFOPLIST_KEY_UILaunchScreen_Generation = YES;
				INFOPLIST_KEY_UISupportedInterfaceOrientations_iPad = "UIInterfaceOrientationPortrait UIInterfaceOrientationPortraitUpsideDown UIInterfaceOrientationLandscapeLeft UIInterfaceOrientationLandscapeRight";
				INFOPLIST_KEY_UISupportedInterfaceOrientations_iPhone = "UIInterfaceOrientationPortrait UIInterfaceOrientationLandscapeLeft UIInterfaceOrientationLandscapeRight";
				IPHONEOS_DEPLOYMENT_TARGET = 16.0;
				LD_RUNPATH_SEARCH_PATHS = (
					"$(inherited)",
					"@executable_path/Frameworks",
				);
				MARKETING_VERSION = 1.0;
				PRODUCT_BUNDLE_IDENTIFIER = Gevcorst.MovieDB;
				PRODUCT_NAME = "$(TARGET_NAME)";
				SWIFT_EMIT_LOC_STRINGS = YES;
				SWIFT_VERSION = 5.0;
				TARGETED_DEVICE_FAMILY = "1,2";
			};
			name = Debug;
		};
		2F5E29472AC79CDD00B34865 /* Release */ = {
			isa = XCBuildConfiguration;
			buildSettings = {
				ASSETCATALOG_COMPILER_APPICON_NAME = AppIcon;
				ASSETCATALOG_COMPILER_GLOBAL_ACCENT_COLOR_NAME = AccentColor;
				CODE_SIGN_STYLE = Automatic;
				CURRENT_PROJECT_VERSION = 1;
				DEVELOPMENT_ASSET_PATHS = "\"MovieDB/Preview Content\"";
				DEVELOPMENT_TEAM = AYBK57X933;
				ENABLE_PREVIEWS = YES;
				GENERATE_INFOPLIST_FILE = YES;
				INFOPLIST_KEY_UIApplicationSceneManifest_Generation = YES;
				INFOPLIST_KEY_UIApplicationSupportsIndirectInputEvents = YES;
				INFOPLIST_KEY_UILaunchScreen_Generation = YES;
				INFOPLIST_KEY_UISupportedInterfaceOrientations_iPad = "UIInterfaceOrientationPortrait UIInterfaceOrientationPortraitUpsideDown UIInterfaceOrientationLandscapeLeft UIInterfaceOrientationLandscapeRight";
				INFOPLIST_KEY_UISupportedInterfaceOrientations_iPhone = "UIInterfaceOrientationPortrait UIInterfaceOrientationLandscapeLeft UIInterfaceOrientationLandscapeRight";
				IPHONEOS_DEPLOYMENT_TARGET = 16.0;
				LD_RUNPATH_SEARCH_PATHS = (
					"$(inherited)",
					"@executable_path/Frameworks",
				);
				MARKETING_VERSION = 1.0;
				PRODUCT_BUNDLE_IDENTIFIER = Gevcorst.MovieDB;
				PRODUCT_NAME = "$(TARGET_NAME)";
				SWIFT_EMIT_LOC_STRINGS = YES;
				SWIFT_VERSION = 5.0;
				TARGETED_DEVICE_FAMILY = "1,2";
			};
			name = Release;
		};
		2F5E29492AC79CDD00B34865 /* Debug */ = {
			isa = XCBuildConfiguration;
			buildSettings = {
				ALWAYS_EMBED_SWIFT_STANDARD_LIBRARIES = YES;
				BUNDLE_LOADER = "$(TEST_HOST)";
				CODE_SIGN_STYLE = Automatic;
				CURRENT_PROJECT_VERSION = 1;
				DEVELOPMENT_TEAM = U7AJYCA73L;
				GENERATE_INFOPLIST_FILE = YES;
				IPHONEOS_DEPLOYMENT_TARGET = 17.0;
				MARKETING_VERSION = 1.0;
				PRODUCT_BUNDLE_IDENTIFIER = Gevcorst.MovieDBTests;
				PRODUCT_NAME = "$(TARGET_NAME)";
				SWIFT_EMIT_LOC_STRINGS = NO;
				SWIFT_VERSION = 5.0;
				TARGETED_DEVICE_FAMILY = "1,2";
				TEST_HOST = "$(BUILT_PRODUCTS_DIR)/MovieDB.app/$(BUNDLE_EXECUTABLE_FOLDER_PATH)/MovieDB";
			};
			name = Debug;
		};
		2F5E294A2AC79CDD00B34865 /* Release */ = {
			isa = XCBuildConfiguration;
			buildSettings = {
				ALWAYS_EMBED_SWIFT_STANDARD_LIBRARIES = YES;
				BUNDLE_LOADER = "$(TEST_HOST)";
				CODE_SIGN_STYLE = Automatic;
				CURRENT_PROJECT_VERSION = 1;
				DEVELOPMENT_TEAM = U7AJYCA73L;
				GENERATE_INFOPLIST_FILE = YES;
				IPHONEOS_DEPLOYMENT_TARGET = 17.0;
				MARKETING_VERSION = 1.0;
				PRODUCT_BUNDLE_IDENTIFIER = Gevcorst.MovieDBTests;
				PRODUCT_NAME = "$(TARGET_NAME)";
				SWIFT_EMIT_LOC_STRINGS = NO;
				SWIFT_VERSION = 5.0;
				TARGETED_DEVICE_FAMILY = "1,2";
				TEST_HOST = "$(BUILT_PRODUCTS_DIR)/MovieDB.app/$(BUNDLE_EXECUTABLE_FOLDER_PATH)/MovieDB";
			};
			name = Release;
		};
		2F5E294C2AC79CDD00B34865 /* Debug */ = {
			isa = XCBuildConfiguration;
			buildSettings = {
				ALWAYS_EMBED_SWIFT_STANDARD_LIBRARIES = YES;
				CODE_SIGN_STYLE = Automatic;
				CURRENT_PROJECT_VERSION = 1;
				DEVELOPMENT_TEAM = U7AJYCA73L;
				GENERATE_INFOPLIST_FILE = YES;
				MARKETING_VERSION = 1.0;
				PRODUCT_BUNDLE_IDENTIFIER = Gevcorst.MovieDBUITests;
				PRODUCT_NAME = "$(TARGET_NAME)";
				SWIFT_EMIT_LOC_STRINGS = NO;
				SWIFT_VERSION = 5.0;
				TARGETED_DEVICE_FAMILY = "1,2";
				TEST_TARGET_NAME = MovieDB;
			};
			name = Debug;
		};
		2F5E294D2AC79CDD00B34865 /* Release */ = {
			isa = XCBuildConfiguration;
			buildSettings = {
				ALWAYS_EMBED_SWIFT_STANDARD_LIBRARIES = YES;
				CODE_SIGN_STYLE = Automatic;
				CURRENT_PROJECT_VERSION = 1;
				DEVELOPMENT_TEAM = U7AJYCA73L;
				GENERATE_INFOPLIST_FILE = YES;
				MARKETING_VERSION = 1.0;
				PRODUCT_BUNDLE_IDENTIFIER = Gevcorst.MovieDBUITests;
				PRODUCT_NAME = "$(TARGET_NAME)";
				SWIFT_EMIT_LOC_STRINGS = NO;
				SWIFT_VERSION = 5.0;
				TARGETED_DEVICE_FAMILY = "1,2";
				TEST_TARGET_NAME = MovieDB;
			};
			name = Release;
		};
/* End XCBuildConfiguration section */

/* Begin XCConfigurationList section */
		2F5E291C2AC79CDC00B34865 /* Build configuration list for PBXProject "MovieDB" */ = {
			isa = XCConfigurationList;
			buildConfigurations = (
				2F5E29432AC79CDD00B34865 /* Debug */,
				2F5E29442AC79CDD00B34865 /* Release */,
			);
			defaultConfigurationIsVisible = 0;
			defaultConfigurationName = Release;
		};
		2F5E29452AC79CDD00B34865 /* Build configuration list for PBXNativeTarget "MovieDB" */ = {
			isa = XCConfigurationList;
			buildConfigurations = (
				2F5E29462AC79CDD00B34865 /* Debug */,
				2F5E29472AC79CDD00B34865 /* Release */,
			);
			defaultConfigurationIsVisible = 0;
			defaultConfigurationName = Release;
		};
		2F5E29482AC79CDD00B34865 /* Build configuration list for PBXNativeTarget "MovieDBTests" */ = {
			isa = XCConfigurationList;
			buildConfigurations = (
				2F5E29492AC79CDD00B34865 /* Debug */,
				2F5E294A2AC79CDD00B34865 /* Release */,
			);
			defaultConfigurationIsVisible = 0;
			defaultConfigurationName = Release;
		};
		2F5E294B2AC79CDD00B34865 /* Build configuration list for PBXNativeTarget "MovieDBUITests" */ = {
			isa = XCConfigurationList;
			buildConfigurations = (
				2F5E294C2AC79CDD00B34865 /* Debug */,
				2F5E294D2AC79CDD00B34865 /* Release */,
			);
			defaultConfigurationIsVisible = 0;
			defaultConfigurationName = Release;
		};
/* End XCConfigurationList section */

/* Begin XCVersionGroup section */
		2F9646552ACB0CC400646BD0 /* MovieCoreDataModel.xcdatamodeld */ = {
			isa = XCVersionGroup;
			children = (
				2F9646562ACB0CC400646BD0 /* MovieCoreDataModel.xcdatamodel */,
			);
			currentVersion = 2F9646562ACB0CC400646BD0 /* MovieCoreDataModel.xcdatamodel */;
			path = MovieCoreDataModel.xcdatamodeld;
			sourceTree = "<group>";
			versionGroupType = wrapper.xcdatamodel;
		};
/* End XCVersionGroup section */
	};
	rootObject = 2F5E29192AC79CDC00B34865 /* Project object */;
}
